
Microsoft Visual Studio Solution File, Format Version 12.00
# Visual Studio Version 17
VisualStudioVersion = 17.8.34525.116
MinimumVisualStudioVersion = 10.0.40219.1
Project("{FAE04EC0-301F-11D3-BF4B-00C04F79EFBC}") = "SecureApp", "SecureApp\SecureApp.csproj", "{FAF92AB1-88D6-4E8A-89C4-567F519DA93D}"
EndProject
Project("{FAE04EC0-301F-11D3-BF4B-00C04F79EFBC}") = "SecureAPI", "SecureAPI\SecureAPI.csproj", "{FACAFA39-B359-4A75-A1C4-6396FED162DB}"
EndProject
Global
	GlobalSection(SolutionConfigurationPlatforms) = preSolution
		Debug|Any CPU = Debug|Any CPU
		Release|Any CPU = Release|Any CPU
	EndGlobalSection
	GlobalSection(ProjectConfigurationPlatforms) = postSolution
		{FAF92AB1-88D6-4E8A-89C4-567F519DA93D}.Debug|Any CPU.ActiveCfg = Debug|Any CPU
		{FAF92AB1-88D6-4E8A-89C4-567F519DA93D}.Debug|Any CPU.Build.0 = Debug|Any CPU
		{FAF92AB1-88D6-4E8A-89C4-567F519DA93D}.Release|Any CPU.ActiveCfg = Release|Any CPU
		{FAF92AB1-88D6-4E8A-89C4-567F519DA93D}.Release|Any CPU.Build.0 = Release|Any CPU
		{FACAFA39-B359-4A75-A1C4-6396FED162DB}.Debug|Any CPU.ActiveCfg = Debug|Any CPU
		{FACAFA39-B359-4A75-A1C4-6396FED162DB}.Debug|Any CPU.Build.0 = Debug|Any CPU
		{FACAFA39-B359-4A75-A1C4-6396FED162DB}.Release|Any CPU.ActiveCfg = Release|Any CPU
		{FACAFA39-B359-4A75-A1C4-6396FED162DB}.Release|Any CPU.Build.0 = Release|Any CPU
	EndGlobalSection
	GlobalSection(SolutionProperties) = preSolution
		HideSolutionNode = FALSE
	EndGlobalSection
	GlobalSection(ExtensibilityGlobals) = postSolution
		SolutionGuid = {B294A58F-EEF8-44AE-A6CD-2EA8F9BB13E0}
	EndGlobalSection
EndGlobal
